
Microsoft Visual Studio Solution File, Format Version 12.00
# Visual Studio Version 16
VisualStudioVersion = 16.0.30320.27
MinimumVisualStudioVersion = 10.0.40219.1
Project("{D2ABAB84-BF74-430A-B69E-9DC6D40DDA17}") = "Analisis_Guia5", "Analisis_Guia5\Analisis_Guia5.dwproj", "{C71A7150-6773-4070-AF7C-FB969605AA47}"
EndProject
Global
	GlobalSection(SolutionConfigurationPlatforms) = preSolution
		Development|Default = Development|Default
	EndGlobalSection
	GlobalSection(ProjectConfigurationPlatforms) = postSolution
		{C71A7150-6773-4070-AF7C-FB969605AA47}.Development|Default.ActiveCfg = Development
		{C71A7150-6773-4070-AF7C-FB969605AA47}.Development|Default.Build.0 = Development
		{C71A7150-6773-4070-AF7C-FB969605AA47}.Development|Default.Deploy.0 = Development
	EndGlobalSection
	GlobalSection(SolutionProperties) = preSolution
		HideSolutionNode = FALSE
	EndGlobalSection
	GlobalSection(ExtensibilityGlobals) = postSolution
		SolutionGuid = {507AFD8E-2E69-4CBF-ABAD-A0A0B88122EC}
	EndGlobalSection
EndGlobal
